
Microsoft Visual Studio Solution File, Format Version 12.00
# Visual Studio Version 16
VisualStudioVersion = 16.0.31410.357
MinimumVisualStudioVersion = 10.0.40219.1
Project("{FAE04EC0-301F-11D3-BF4B-00C04F79EFBC}") = "LINQ", "LINQ\LINQ.csproj", "{08A22B94-4F3F-470D-AF70-FFDB5C3F31B1}"
EndProject
Global
	GlobalSection(SolutionConfigurationPlatforms) = preSolution
		Debug|Any CPU = Debug|Any CPU
		Release|Any CPU = Release|Any CPU
	EndGlobalSection
	GlobalSection(ProjectConfigurationPlatforms) = postSolution
		{08A22B94-4F3F-470D-AF70-FFDB5C3F31B1}.Debug|Any CPU.ActiveCfg = Debug|Any CPU
		{08A22B94-4F3F-470D-AF70-FFDB5C3F31B1}.Debug|Any CPU.Build.0 = Debug|Any CPU
		{08A22B94-4F3F-470D-AF70-FFDB5C3F31B1}.Release|Any CPU.ActiveCfg = Release|Any CPU
		{08A22B94-4F3F-470D-AF70-FFDB5C3F31B1}.Release|Any CPU.Build.0 = Release|Any CPU
	EndGlobalSection
	GlobalSection(SolutionProperties) = preSolution
		HideSolutionNode = FALSE
	EndGlobalSection
	GlobalSection(ExtensibilityGlobals) = postSolution
		SolutionGuid = {1F1B3188-0FE4-4F01-BE7A-6E499B443713}
	EndGlobalSection
EndGlobal
